
Microsoft Visual Studio Solution File, Format Version 12.00
# Visual Studio Version 17
VisualStudioVersion = 17.0.32112.339
MinimumVisualStudioVersion = 10.0.40219.1
Project("{9A19103F-16F7-4668-BE54-9A1E7A4F7556}") = "training_management_system", "training_management_system\training_management_system.csproj", "{5E3C55CB-30F0-46FA-AA1C-976F549A0CB4}"
EndProject
Project("{9A19103F-16F7-4668-BE54-9A1E7A4F7556}") = "tms_lib", "tms_lib\tms_lib.csproj", "{2197FEAC-7707-4457-8EB1-26EB56E8EA1A}"
EndProject
Project("{9A19103F-16F7-4668-BE54-9A1E7A4F7556}") = "tms_unittest", "tms_unittest\tms_unittest.csproj", "{286BA033-805F-45BD-B43B-C5A3E6733007}"
EndProject
Global
	GlobalSection(SolutionConfigurationPlatforms) = preSolution
		Debug|Any CPU = Debug|Any CPU
		Release|Any CPU = Release|Any CPU
	EndGlobalSection
	GlobalSection(ProjectConfigurationPlatforms) = postSolution
		{5E3C55CB-30F0-46FA-AA1C-976F549A0CB4}.Debug|Any CPU.ActiveCfg = Debug|Any CPU
		{5E3C55CB-30F0-46FA-AA1C-976F549A0CB4}.Debug|Any CPU.Build.0 = Debug|Any CPU
		{5E3C55CB-30F0-46FA-AA1C-976F549A0CB4}.Release|Any CPU.ActiveCfg = Release|Any CPU
		{5E3C55CB-30F0-46FA-AA1C-976F549A0CB4}.Release|Any CPU.Build.0 = Release|Any CPU
		{2197FEAC-7707-4457-8EB1-26EB56E8EA1A}.Debug|Any CPU.ActiveCfg = Debug|Any CPU
		{2197FEAC-7707-4457-8EB1-26EB56E8EA1A}.Debug|Any CPU.Build.0 = Debug|Any CPU
		{2197FEAC-7707-4457-8EB1-26EB56E8EA1A}.Release|Any CPU.ActiveCfg = Release|Any CPU
		{2197FEAC-7707-4457-8EB1-26EB56E8EA1A}.Release|Any CPU.Build.0 = Release|Any CPU
		{286BA033-805F-45BD-B43B-C5A3E6733007}.Debug|Any CPU.ActiveCfg = Debug|Any CPU
		{286BA033-805F-45BD-B43B-C5A3E6733007}.Debug|Any CPU.Build.0 = Debug|Any CPU
		{286BA033-805F-45BD-B43B-C5A3E6733007}.Release|Any CPU.ActiveCfg = Release|Any CPU
		{286BA033-805F-45BD-B43B-C5A3E6733007}.Release|Any CPU.Build.0 = Release|Any CPU
	EndGlobalSection
	GlobalSection(SolutionProperties) = preSolution
		HideSolutionNode = FALSE
	EndGlobalSection
	GlobalSection(ExtensibilityGlobals) = postSolution
		SolutionGuid = {808412EE-AEDD-4B2F-B816-76F35E564481}
	EndGlobalSection
EndGlobal
